
Microsoft Visual Studio Solution File, Format Version 12.00
# Visual Studio Version 16
VisualStudioVersion = 16.0.29806.167
MinimumVisualStudioVersion = 10.0.40219.1
Project("{8BC9CEB8-8B4A-11D0-8D11-00A0C91BC942}") = "numbersFibonacci", "numbersFibonacci.vcxproj", "{EE64A6C1-4CE6-4537-AD98-6F4AA01C1391}"
EndProject
Global
	GlobalSection(SolutionConfigurationPlatforms) = preSolution
		Debug|x64 = Debug|x64
		Debug|x86 = Debug|x86
		Release|x64 = Release|x64
		Release|x86 = Release|x86
	EndGlobalSection
	GlobalSection(ProjectConfigurationPlatforms) = postSolution
		{EE64A6C1-4CE6-4537-AD98-6F4AA01C1391}.Debug|x64.ActiveCfg = Debug|x64
		{EE64A6C1-4CE6-4537-AD98-6F4AA01C1391}.Debug|x64.Build.0 = Debug|x64
		{EE64A6C1-4CE6-4537-AD98-6F4AA01C1391}.Debug|x86.ActiveCfg = Debug|Win32
		{EE64A6C1-4CE6-4537-AD98-6F4AA01C1391}.Debug|x86.Build.0 = Debug|Win32
		{EE64A6C1-4CE6-4537-AD98-6F4AA01C1391}.Release|x64.ActiveCfg = Release|x64
		{EE64A6C1-4CE6-4537-AD98-6F4AA01C1391}.Release|x64.Build.0 = Release|x64
		{EE64A6C1-4CE6-4537-AD98-6F4AA01C1391}.Release|x86.ActiveCfg = Release|Win32
		{EE64A6C1-4CE6-4537-AD98-6F4AA01C1391}.Release|x86.Build.0 = Release|Win32
	EndGlobalSection
	GlobalSection(SolutionProperties) = preSolution
		HideSolutionNode = FALSE
	EndGlobalSection
	GlobalSection(ExtensibilityGlobals) = postSolution
		SolutionGuid = {1095718B-4704-4F81-B167-E0F1D6D5AF56}
	EndGlobalSection
EndGlobal
